# This file is automatically @generated by Cargo.
# It is not intended for manual editing.
[[package]]
name = "hashring"
version = "0.1.0"
dependencies = [
 "hashring 0.2.0",
]

[[package]]
name = "hashring"
version = "0.2.0"
source = "registry+https://github.com/rust-lang/crates.io-index"
checksum = "c61597509cb0b981b509234cc4e09627efb589b229a50fee63f2609bdbb07e35"
dependencies = [
 "siphasher",
]

[[package]]
name = "siphasher"
version = "0.3.5"
source = "registry+https://github.com/rust-lang/crates.io-index"
checksum = "cbce6d4507c7e4a3962091436e56e95290cb71fa302d0d270e32130b75fbff27"
